// !$*UTF8*$!
{
	archiveVersion = 1;
	classes = {
	};
	objectVersion = 51;
	objects = {

/* Begin PBXBuildFile section */
		120A160E26A9E1E500F4166F /* RealmViewController.swift in Sources */ = {isa = PBXBuildFile; fileRef = 120A160D26A9E1E500F4166F /* RealmViewController.swift */; };
		120A161026A9E82D00F4166F /* PersonDB.swift in Sources */ = {isa = PBXBuildFile; fileRef = 120A160F26A9E82D00F4166F /* PersonDB.swift */; };
		1273D103269377CC003F2E68 /* AppDelegate.swift in Sources */ = {isa = PBXBuildFile; fileRef = 1273D102269377CC003F2E68 /* AppDelegate.swift */; };
		1273D105269377CC003F2E68 /* SceneDelegate.swift in Sources */ = {isa = PBXBuildFile; fileRef = 1273D104269377CC003F2E68 /* SceneDelegate.swift */; };
		1273D107269377CC003F2E68 /* AccountViewController.swift in Sources */ = {isa = PBXBuildFile; fileRef = 1273D106269377CC003F2E68 /* AccountViewController.swift */; };
		1273D10A269377CC003F2E68 /* Main.storyboard in Resources */ = {isa = PBXBuildFile; fileRef = 1273D108269377CC003F2E68 /* Main.storyboard */; };
		1273D10C269377CE003F2E68 /* Assets.xcassets in Resources */ = {isa = PBXBuildFile; fileRef = 1273D10B269377CE003F2E68 /* Assets.xcassets */; };
		1273D10F269377CE003F2E68 /* LaunchScreen.storyboard in Resources */ = {isa = PBXBuildFile; fileRef = 1273D10D269377CE003F2E68 /* LaunchScreen.storyboard */; };
		1273D11E26938394003F2E68 /* NotificationCenterViewController.swift in Sources */ = {isa = PBXBuildFile; fileRef = 1273D11D26938394003F2E68 /* NotificationCenterViewController.swift */; };
		1273D12126938B98003F2E68 /* ChooseFruitViewController.swift in Sources */ = {isa = PBXBuildFile; fileRef = 1273D12026938B98003F2E68 /* ChooseFruitViewController.swift */; };
		1273D12326938BB2003F2E68 /* FruitListViewController.swift in Sources */ = {isa = PBXBuildFile; fileRef = 1273D12226938BB2003F2E68 /* FruitListViewController.swift */; };
		1273D153269769B1003F2E68 /* DetailViewController.swift in Sources */ = {isa = PBXBuildFile; fileRef = 1273D152269769B1003F2E68 /* DetailViewController.swift */; };
		1273D15626976C36003F2E68 /* NetworkViewController.swift in Sources */ = {isa = PBXBuildFile; fileRef = 1273D15526976C36003F2E68 /* NetworkViewController.swift */; };
		1273D15826977273003F2E68 /* NetworkLogger.swift in Sources */ = {isa = PBXBuildFile; fileRef = 1273D15726977273003F2E68 /* NetworkLogger.swift */; };
		1273D15A26977AA4003F2E68 /* APIService.swift in Sources */ = {isa = PBXBuildFile; fileRef = 1273D15926977AA4003F2E68 /* APIService.swift */; };
		1273D15D26977D1C003F2E68 /* AuthViewController.swift in Sources */ = {isa = PBXBuildFile; fileRef = 1273D15C26977D1C003F2E68 /* AuthViewController.swift */; };
		1273D16F269CB4C3003F2E68 /* FriendsViewController.swift in Sources */ = {isa = PBXBuildFile; fileRef = 1273D16E269CB4C3003F2E68 /* FriendsViewController.swift */; };
		1273D172269CB5E3003F2E68 /* Session.swift in Sources */ = {isa = PBXBuildFile; fileRef = 1273D171269CB5E3003F2E68 /* Session.swift */; };
		1273D174269CB611003F2E68 /* FriendsAPI.swift in Sources */ = {isa = PBXBuildFile; fileRef = 1273D173269CB611003F2E68 /* FriendsAPI.swift */; };
		1273D177269CB9C6003F2E68 /* Data+PrettyJSON.swift in Sources */ = {isa = PBXBuildFile; fileRef = 1273D176269CB9C6003F2E68 /* Data+PrettyJSON.swift */; };
		1273D17A269CBD36003F2E68 /* UserModel.swift in Sources */ = {isa = PBXBuildFile; fileRef = 1273D179269CBD36003F2E68 /* UserModel.swift */; };
		1273D19E26A0A64B003F2E68 /* StorageViewController.swift in Sources */ = {isa = PBXBuildFile; fileRef = 1273D19D26A0A64B003F2E68 /* StorageViewController.swift */; };
		9D2C9C3BDBC45385EF436568 /* Pods_client_server_1347.framework in Frameworks */ = {isa = PBXBuildFile; fileRef = 58E1546E2D50E8EC5987BE42 /* Pods_client_server_1347.framework */; };
/* End PBXBuildFile section */

/* Begin PBXFileReference section */
		120A160D26A9E1E500F4166F /* RealmViewController.swift */ = {isa = PBXFileReference; lastKnownFileType = sourcecode.swift; path = RealmViewController.swift; sourceTree = "<group>"; };
		120A160F26A9E82D00F4166F /* PersonDB.swift */ = {isa = PBXFileReference; lastKnownFileType = sourcecode.swift; path = PersonDB.swift; sourceTree = "<group>"; };
		1273D0FF269377CC003F2E68 /* client-server-1347.app */ = {isa = PBXFileReference; explicitFileType = wrapper.application; includeInIndex = 0; path = "client-server-1347.app"; sourceTree = BUILT_PRODUCTS_DIR; };
		1273D102269377CC003F2E68 /* AppDelegate.swift */ = {isa = PBXFileReference; lastKnownFileType = sourcecode.swift; path = AppDelegate.swift; sourceTree = "<group>"; };
		1273D104269377CC003F2E68 /* SceneDelegate.swift */ = {isa = PBXFileReference; lastKnownFileType = sourcecode.swift; path = SceneDelegate.swift; sourceTree = "<group>"; };
		1273D106269377CC003F2E68 /* AccountViewController.swift */ = {isa = PBXFileReference; lastKnownFileType = sourcecode.swift; path = AccountViewController.swift; sourceTree = "<group>"; };
		1273D109269377CC003F2E68 /* Base */ = {isa = PBXFileReference; lastKnownFileType = file.storyboard; name = Base; path = Base.lproj/Main.storyboard; sourceTree = "<group>"; };
		1273D10B269377CE003F2E68 /* Assets.xcassets */ = {isa = PBXFileReference; lastKnownFileType = folder.assetcatalog; path = Assets.xcassets; sourceTree = "<group>"; };
		1273D10E269377CE003F2E68 /* Base */ = {isa = PBXFileReference; lastKnownFileType = file.storyboard; name = Base; path = Base.lproj/LaunchScreen.storyboard; sourceTree = "<group>"; };
		1273D110269377CE003F2E68 /* Info.plist */ = {isa = PBXFileReference; lastKnownFileType = text.plist.xml; path = Info.plist; sourceTree = "<group>"; };
		1273D11D26938394003F2E68 /* NotificationCenterViewController.swift */ = {isa = PBXFileReference; lastKnownFileType = sourcecode.swift; name = NotificationCenterViewController.swift; path = "client-server-1347/lesson-1/NotificationCenterViewController.swift"; sourceTree = SOURCE_ROOT; };
		1273D12026938B98003F2E68 /* ChooseFruitViewController.swift */ = {isa = PBXFileReference; lastKnownFileType = sourcecode.swift; path = ChooseFruitViewController.swift; sourceTree = "<group>"; };
		1273D12226938BB2003F2E68 /* FruitListViewController.swift */ = {isa = PBXFileReference; lastKnownFileType = sourcecode.swift; path = FruitListViewController.swift; sourceTree = "<group>"; };
		1273D152269769B1003F2E68 /* DetailViewController.swift */ = {isa = PBXFileReference; fileEncoding = 4; lastKnownFileType = sourcecode.swift; path = DetailViewController.swift; sourceTree = "<group>"; };
		1273D15526976C36003F2E68 /* NetworkViewController.swift */ = {isa = PBXFileReference; lastKnownFileType = sourcecode.swift; path = NetworkViewController.swift; sourceTree = "<group>"; };
		1273D15726977273003F2E68 /* NetworkLogger.swift */ = {isa = PBXFileReference; lastKnownFileType = sourcecode.swift; path = NetworkLogger.swift; sourceTree = "<group>"; };
		1273D15926977AA4003F2E68 /* APIService.swift */ = {isa = PBXFileReference; lastKnownFileType = sourcecode.swift; path = APIService.swift; sourceTree = "<group>"; };
		1273D15C26977D1C003F2E68 /* AuthViewController.swift */ = {isa = PBXFileReference; lastKnownFileType = sourcecode.swift; path = AuthViewController.swift; sourceTree = "<group>"; };
		1273D16E269CB4C3003F2E68 /* FriendsViewController.swift */ = {isa = PBXFileReference; lastKnownFileType = sourcecode.swift; path = FriendsViewController.swift; sourceTree = "<group>"; };
		1273D171269CB5E3003F2E68 /* Session.swift */ = {isa = PBXFileReference; lastKnownFileType = sourcecode.swift; path = Session.swift; sourceTree = "<group>"; };
		1273D173269CB611003F2E68 /* FriendsAPI.swift */ = {isa = PBXFileReference; lastKnownFileType = sourcecode.swift; path = FriendsAPI.swift; sourceTree = "<group>"; };
		1273D176269CB9C6003F2E68 /* Data+PrettyJSON.swift */ = {isa = PBXFileReference; lastKnownFileType = sourcecode.swift; path = "Data+PrettyJSON.swift"; sourceTree = "<group>"; };
		1273D179269CBD36003F2E68 /* UserModel.swift */ = {isa = PBXFileReference; lastKnownFileType = sourcecode.swift; path = UserModel.swift; sourceTree = "<group>"; };
		1273D19D26A0A64B003F2E68 /* StorageViewController.swift */ = {isa = PBXFileReference; lastKnownFileType = sourcecode.swift; path = StorageViewController.swift; sourceTree = "<group>"; };
		58E1546E2D50E8EC5987BE42 /* Pods_client_server_1347.framework */ = {isa = PBXFileReference; explicitFileType = wrapper.framework; includeInIndex = 0; path = Pods_client_server_1347.framework; sourceTree = BUILT_PRODUCTS_DIR; };
		9B7FC1601F03876A9113DA17 /* Pods-client-server-1347.debug.xcconfig */ = {isa = PBXFileReference; includeInIndex = 1; lastKnownFileType = text.xcconfig; name = "Pods-client-server-1347.debug.xcconfig"; path = "Target Support Files/Pods-client-server-1347/Pods-client-server-1347.debug.xcconfig"; sourceTree = "<group>"; };
		E8A19F3CBAFFFD86301BFF24 /* Pods-client-server-1347.release.xcconfig */ = {isa = PBXFileReference; includeInIndex = 1; lastKnownFileType = text.xcconfig; name = "Pods-client-server-1347.release.xcconfig"; path = "Target Support Files/Pods-client-server-1347/Pods-client-server-1347.release.xcconfig"; sourceTree = "<group>"; };
/* End PBXFileReference section */

/* Begin PBXFrameworksBuildPhase section */
		1273D0FC269377CC003F2E68 /* Frameworks */ = {
			isa = PBXFrameworksBuildPhase;
			buildActionMask = 2147483647;
			files = (
				9D2C9C3BDBC45385EF436568 /* Pods_client_server_1347.framework in Frameworks */,
			);
			runOnlyForDeploymentPostprocessing = 0;
		};
/* End PBXFrameworksBuildPhase section */

/* Begin PBXGroup section */
		120A160C26A9E1CE00F4166F /* lesson-6 */ = {
			isa = PBXGroup;
			children = (
				120A160D26A9E1E500F4166F /* RealmViewController.swift */,
				120A160F26A9E82D00F4166F /* PersonDB.swift */,
			);
			path = "lesson-6";
			sourceTree = "<group>";
		};
		1273D0F6269377CC003F2E68 = {
			isa = PBXGroup;
			children = (
				1273D101269377CC003F2E68 /* client-server-1347 */,
				1273D100269377CC003F2E68 /* Products */,
				3AED7FCABD768D45107A55F8 /* Pods */,
				33D265838A3EF4BE22A171EC /* Frameworks */,
			);
			sourceTree = "<group>";
		};
		1273D100269377CC003F2E68 /* Products */ = {
			isa = PBXGroup;
			children = (
				1273D0FF269377CC003F2E68 /* client-server-1347.app */,
			);
			name = Products;
			sourceTree = "<group>";
		};
		1273D101269377CC003F2E68 /* client-server-1347 */ = {
			isa = PBXGroup;
			children = (
				1273D15B26977C31003F2E68 /* vk-api */,
				1273D102269377CC003F2E68 /* AppDelegate.swift */,
				1273D104269377CC003F2E68 /* SceneDelegate.swift */,
				120A160C26A9E1CE00F4166F /* lesson-6 */,
				1273D19C26A0A618003F2E68 /* lesson-4 */,
				1273D15426976C12003F2E68 /* lesson-2 */,
				1273D11726937AC6003F2E68 /* lesson-1 */,
				1273D11626937A9C003F2E68 /* Resources */,
			);
			path = "client-server-1347";
			sourceTree = "<group>";
		};
		1273D11626937A9C003F2E68 /* Resources */ = {
			isa = PBXGroup;
			children = (
				1273D108269377CC003F2E68 /* Main.storyboard */,
				1273D10B269377CE003F2E68 /* Assets.xcassets */,
				1273D10D269377CE003F2E68 /* LaunchScreen.storyboard */,
				1273D110269377CE003F2E68 /* Info.plist */,
			);
			path = Resources;
			sourceTree = "<group>";
		};
		1273D11726937AC6003F2E68 /* lesson-1 */ = {
			isa = PBXGroup;
			children = (
				1273D11F26938A9D003F2E68 /* Delegation */,
				1273D11C2693836E003F2E68 /* NotificationCenter */,
				1273D11A26938366003F2E68 /* Singleton */,
			);
			path = "lesson-1";
			sourceTree = "<group>";
		};
		1273D11A26938366003F2E68 /* Singleton */ = {
			isa = PBXGroup;
			children = (
				1273D152269769B1003F2E68 /* DetailViewController.swift */,
				1273D106269377CC003F2E68 /* AccountViewController.swift */,
			);
			path = Singleton;
			sourceTree = "<group>";
		};
		1273D11C2693836E003F2E68 /* NotificationCenter */ = {
			isa = PBXGroup;
			children = (
				1273D11D26938394003F2E68 /* NotificationCenterViewController.swift */,
			);
			path = NotificationCenter;
			sourceTree = "<group>";
		};
		1273D11F26938A9D003F2E68 /* Delegation */ = {
			isa = PBXGroup;
			children = (
				1273D12026938B98003F2E68 /* ChooseFruitViewController.swift */,
				1273D12226938BB2003F2E68 /* FruitListViewController.swift */,
			);
			path = Delegation;
			sourceTree = "<group>";
		};
		1273D15426976C12003F2E68 /* lesson-2 */ = {
			isa = PBXGroup;
			children = (
				1273D15526976C36003F2E68 /* NetworkViewController.swift */,
				1273D15726977273003F2E68 /* NetworkLogger.swift */,
				1273D15926977AA4003F2E68 /* APIService.swift */,
			);
			path = "lesson-2";
			sourceTree = "<group>";
		};
		1273D15B26977C31003F2E68 /* vk-api */ = {
			isa = PBXGroup;
			children = (
				1273D175269CB9A5003F2E68 /* Extension */,
				1273D170269CB5CB003F2E68 /* Service */,
				1273D15C26977D1C003F2E68 /* AuthViewController.swift */,
				1273D16E269CB4C3003F2E68 /* FriendsViewController.swift */,
			);
			path = "vk-api";
			sourceTree = "<group>";
		};
		1273D170269CB5CB003F2E68 /* Service */ = {
			isa = PBXGroup;
			children = (
				1273D178269CBD20003F2E68 /* Models */,
				1273D171269CB5E3003F2E68 /* Session.swift */,
				1273D173269CB611003F2E68 /* FriendsAPI.swift */,
			);
			path = Service;
			sourceTree = "<group>";
		};
		1273D175269CB9A5003F2E68 /* Extension */ = {
			isa = PBXGroup;
			children = (
				1273D176269CB9C6003F2E68 /* Data+PrettyJSON.swift */,
			);
			path = Extension;
			sourceTree = "<group>";
		};
		1273D178269CBD20003F2E68 /* Models */ = {
			isa = PBXGroup;
			children = (
				1273D179269CBD36003F2E68 /* UserModel.swift */,
			);
			path = Models;
			sourceTree = "<group>";
		};
		1273D19C26A0A618003F2E68 /* lesson-4 */ = {
			isa = PBXGroup;
			children = (
				1273D19D26A0A64B003F2E68 /* StorageViewController.swift */,
			);
			path = "lesson-4";
			sourceTree = "<group>";
		};
		33D265838A3EF4BE22A171EC /* Frameworks */ = {
			isa = PBXGroup;
			children = (
				58E1546E2D50E8EC5987BE42 /* Pods_client_server_1347.framework */,
			);
			name = Frameworks;
			sourceTree = "<group>";
		};
		3AED7FCABD768D45107A55F8 /* Pods */ = {
			isa = PBXGroup;
			children = (
				9B7FC1601F03876A9113DA17 /* Pods-client-server-1347.debug.xcconfig */,
				E8A19F3CBAFFFD86301BFF24 /* Pods-client-server-1347.release.xcconfig */,
			);
			path = Pods;
			sourceTree = "<group>";
		};
/* End PBXGroup section */

/* Begin PBXNativeTarget section */
		1273D0FE269377CC003F2E68 /* client-server-1347 */ = {
			isa = PBXNativeTarget;
			buildConfigurationList = 1273D113269377CE003F2E68 /* Build configuration list for PBXNativeTarget "client-server-1347" */;
			buildPhases = (
				42CA7C3B8548F17A7C47BD04 /* [CP] Check Pods Manifest.lock */,
				1273D0FB269377CC003F2E68 /* Sources */,
				1273D0FC269377CC003F2E68 /* Frameworks */,
				1273D0FD269377CC003F2E68 /* Resources */,
				1E016CECDE11A162526FAF6E /* [CP] Embed Pods Frameworks */,
			);
			buildRules = (
			);
			dependencies = (
			);
			name = "client-server-1347";
			productName = "client-server-1347";
			productReference = 1273D0FF269377CC003F2E68 /* client-server-1347.app */;
			productType = "com.apple.product-type.application";
		};
/* End PBXNativeTarget section */

/* Begin PBXProject section */
		1273D0F7269377CC003F2E68 /* Project object */ = {
			isa = PBXProject;
			attributes = {
				LastSwiftUpdateCheck = 1250;
				LastUpgradeCheck = 1250;
				TargetAttributes = {
					1273D0FE269377CC003F2E68 = {
						CreatedOnToolsVersion = 12.5;
					};
				};
			};
			buildConfigurationList = 1273D0FA269377CC003F2E68 /* Build configuration list for PBXProject "client-server-1347" */;
			compatibilityVersion = "Xcode 9.3";
			developmentRegion = en;
			hasScannedForEncodings = 0;
			knownRegions = (
				en,
				Base,
			);
			mainGroup = 1273D0F6269377CC003F2E68;
			productRefGroup = 1273D100269377CC003F2E68 /* Products */;
			projectDirPath = "";
			projectRoot = "";
			targets = (
				1273D0FE269377CC003F2E68 /* client-server-1347 */,
			);
		};
/* End PBXProject section */

/* Begin PBXResourcesBuildPhase section */
		1273D0FD269377CC003F2E68 /* Resources */ = {
			isa = PBXResourcesBuildPhase;
			buildActionMask = 2147483647;
			files = (
				1273D10F269377CE003F2E68 /* LaunchScreen.storyboard in Resources */,
				1273D10C269377CE003F2E68 /* Assets.xcassets in Resources */,
				1273D10A269377CC003F2E68 /* Main.storyboard in Resources */,
			);
			runOnlyForDeploymentPostprocessing = 0;
		};
/* End PBXResourcesBuildPhase section */

/* Begin PBXShellScriptBuildPhase section */
		1E016CECDE11A162526FAF6E /* [CP] Embed Pods Frameworks */ = {
			isa = PBXShellScriptBuildPhase;
			buildActionMask = 2147483647;
			files = (
			);
			inputFileListPaths = (
				"${PODS_ROOT}/Target Support Files/Pods-client-server-1347/Pods-client-server-1347-frameworks-${CONFIGURATION}-input-files.xcfilelist",
			);
			name = "[CP] Embed Pods Frameworks";
			outputFileListPaths = (
				"${PODS_ROOT}/Target Support Files/Pods-client-server-1347/Pods-client-server-1347-frameworks-${CONFIGURATION}-output-files.xcfilelist",
			);
			runOnlyForDeploymentPostprocessing = 0;
			shellPath = /bin/sh;
			shellScript = "\"${PODS_ROOT}/Target Support Files/Pods-client-server-1347/Pods-client-server-1347-frameworks.sh\"\n";
			showEnvVarsInLog = 0;
		};
		42CA7C3B8548F17A7C47BD04 /* [CP] Check Pods Manifest.lock */ = {
			isa = PBXShellScriptBuildPhase;
			buildActionMask = 2147483647;
			files = (
			);
			inputFileListPaths = (
			);
			inputPaths = (
				"${PODS_PODFILE_DIR_PATH}/Podfile.lock",
				"${PODS_ROOT}/Manifest.lock",
			);
			name = "[CP] Check Pods Manifest.lock";
			outputFileListPaths = (
			);
			outputPaths = (
				"$(DERIVED_FILE_DIR)/Pods-client-server-1347-checkManifestLockResult.txt",
			);
			runOnlyForDeploymentPostprocessing = 0;
			shellPath = /bin/sh;
			shellScript = "diff \"${PODS_PODFILE_DIR_PATH}/Podfile.lock\" \"${PODS_ROOT}/Manifest.lock\" > /dev/null\nif [ $? != 0 ] ; then\n    # print error to STDERR\n    echo \"error: The sandbox is not in sync with the Podfile.lock. Run 'pod install' or update your CocoaPods installation.\" >&2\n    exit 1\nfi\n# This output is used by Xcode 'outputs' to avoid re-running this script phase.\necho \"SUCCESS\" > \"${SCRIPT_OUTPUT_FILE_0}\"\n";
			showEnvVarsInLog = 0;
		};
/* End PBXShellScriptBuildPhase section */

/* Begin PBXSourcesBuildPhase section */
		1273D0FB269377CC003F2E68 /* Sources */ = {
			isa = PBXSourcesBuildPhase;
			buildActionMask = 2147483647;
			files = (
				1273D177269CB9C6003F2E68 /* Data+PrettyJSON.swift in Sources */,
				1273D15D26977D1C003F2E68 /* AuthViewController.swift in Sources */,
				1273D12326938BB2003F2E68 /* FruitListViewController.swift in Sources */,
				1273D107269377CC003F2E68 /* AccountViewController.swift in Sources */,
				1273D103269377CC003F2E68 /* AppDelegate.swift in Sources */,
				1273D16F269CB4C3003F2E68 /* FriendsViewController.swift in Sources */,
				120A160E26A9E1E500F4166F /* RealmViewController.swift in Sources */,
				1273D17A269CBD36003F2E68 /* UserModel.swift in Sources */,
				1273D12126938B98003F2E68 /* ChooseFruitViewController.swift in Sources */,
				1273D174269CB611003F2E68 /* FriendsAPI.swift in Sources */,
				1273D105269377CC003F2E68 /* SceneDelegate.swift in Sources */,
				1273D172269CB5E3003F2E68 /* Session.swift in Sources */,
				1273D19E26A0A64B003F2E68 /* StorageViewController.swift in Sources */,
				120A161026A9E82D00F4166F /* PersonDB.swift in Sources */,
				1273D11E26938394003F2E68 /* NotificationCenterViewController.swift in Sources */,
				1273D15A26977AA4003F2E68 /* APIService.swift in Sources */,
				1273D15826977273003F2E68 /* NetworkLogger.swift in Sources */,
				1273D153269769B1003F2E68 /* DetailViewController.swift in Sources */,
				1273D15626976C36003F2E68 /* NetworkViewController.swift in Sources */,
			);
			runOnlyForDeploymentPostprocessing = 0;
		};
/* End PBXSourcesBuildPhase section */

/* Begin PBXVariantGroup section */
		1273D108269377CC003F2E68 /* Main.storyboard */ = {
			isa = PBXVariantGroup;
			children = (
				1273D109269377CC003F2E68 /* Base */,
			);
			name = Main.storyboard;
			sourceTree = "<group>";
		};
		1273D10D269377CE003F2E68 /* LaunchScreen.storyboard */ = {
			isa = PBXVariantGroup;
			children = (
				1273D10E269377CE003F2E68 /* Base */,
			);
			name = LaunchScreen.storyboard;
			sourceTree = "<group>";
		};
/* End PBXVariantGroup section */

/* Begin XCBuildConfiguration section */
		1273D111269377CE003F2E68 /* Debug */ = {
			isa = XCBuildConfiguration;
			buildSettings = {
				ALWAYS_SEARCH_USER_PATHS = NO;
				CLANG_ANALYZER_NONNULL = YES;
				CLANG_ANALYZER_NUMBER_OBJECT_CONVERSION = YES_AGGRESSIVE;
				CLANG_CXX_LANGUAGE_STANDARD = "gnu++14";
				CLANG_CXX_LIBRARY = "libc++";
				CLANG_ENABLE_MODULES = YES;
				CLANG_ENABLE_OBJC_ARC = YES;
				CLANG_ENABLE_OBJC_WEAK = YES;
				CLANG_WARN_BLOCK_CAPTURE_AUTORELEASING = YES;
				CLANG_WARN_BOOL_CONVERSION = YES;
				CLANG_WARN_COMMA = YES;
				CLANG_WARN_CONSTANT_CONVERSION = YES;
				CLANG_WARN_DEPRECATED_OBJC_IMPLEMENTATIONS = YES;
				CLANG_WARN_DIRECT_OBJC_ISA_USAGE = YES_ERROR;
				CLANG_WARN_DOCUMENTATION_COMMENTS = YES;
				CLANG_WARN_EMPTY_BODY = YES;
				CLANG_WARN_ENUM_CONVERSION = YES;
				CLANG_WARN_INFINITE_RECURSION = YES;
				CLANG_WARN_INT_CONVERSION = YES;
				CLANG_WARN_NON_LITERAL_NULL_CONVERSION = YES;
				CLANG_WARN_OBJC_IMPLICIT_RETAIN_SELF = YES;
				CLANG_WARN_OBJC_LITERAL_CONVERSION = YES;
				CLANG_WARN_OBJC_ROOT_CLASS = YES_ERROR;
				CLANG_WARN_QUOTED_INCLUDE_IN_FRAMEWORK_HEADER = YES;
				CLANG_WARN_RANGE_LOOP_ANALYSIS = YES;
				CLANG_WARN_STRICT_PROTOTYPES = YES;
				CLANG_WARN_SUSPICIOUS_MOVE = YES;
				CLANG_WARN_UNGUARDED_AVAILABILITY = YES_AGGRESSIVE;
				CLANG_WARN_UNREACHABLE_CODE = YES;
				CLANG_WARN__DUPLICATE_METHOD_MATCH = YES;
				COPY_PHASE_STRIP = NO;
				DEBUG_INFORMATION_FORMAT = dwarf;
				ENABLE_STRICT_OBJC_MSGSEND = YES;
				ENABLE_TESTABILITY = YES;
				GCC_C_LANGUAGE_STANDARD = gnu11;
				GCC_DYNAMIC_NO_PIC = NO;
				GCC_NO_COMMON_BLOCKS = YES;
				GCC_OPTIMIZATION_LEVEL = 0;
				GCC_PREPROCESSOR_DEFINITIONS = (
					"DEBUG=1",
					"$(inherited)",
				);
				GCC_WARN_64_TO_32_BIT_CONVERSION = YES;
				GCC_WARN_ABOUT_RETURN_TYPE = YES_ERROR;
				GCC_WARN_UNDECLARED_SELECTOR = YES;
				GCC_WARN_UNINITIALIZED_AUTOS = YES_AGGRESSIVE;
				GCC_WARN_UNUSED_FUNCTION = YES;
				GCC_WARN_UNUSED_VARIABLE = YES;
				IPHONEOS_DEPLOYMENT_TARGET = 14.5;
				MTL_ENABLE_DEBUG_INFO = INCLUDE_SOURCE;
				MTL_FAST_MATH = YES;
				ONLY_ACTIVE_ARCH = YES;
				SDKROOT = iphoneos;
				SWIFT_ACTIVE_COMPILATION_CONDITIONS = DEBUG;
				SWIFT_OPTIMIZATION_LEVEL = "-Onone";
			};
			name = Debug;
		};
		1273D112269377CE003F2E68 /* Release */ = {
			isa = XCBuildConfiguration;
			buildSettings = {
				ALWAYS_SEARCH_USER_PATHS = NO;
				CLANG_ANALYZER_NONNULL = YES;
				CLANG_ANALYZER_NUMBER_OBJECT_CONVERSION = YES_AGGRESSIVE;
				CLANG_CXX_LANGUAGE_STANDARD = "gnu++14";
				CLANG_CXX_LIBRARY = "libc++";
				CLANG_ENABLE_MODULES = YES;
				CLANG_ENABLE_OBJC_ARC = YES;
				CLANG_ENABLE_OBJC_WEAK = YES;
				CLANG_WARN_BLOCK_CAPTURE_AUTORELEASING = YES;
				CLANG_WARN_BOOL_CONVERSION = YES;
				CLANG_WARN_COMMA = YES;
				CLANG_WARN_CONSTANT_CONVERSION = YES;
				CLANG_WARN_DEPRECATED_OBJC_IMPLEMENTATIONS = YES;
				CLANG_WARN_DIRECT_OBJC_ISA_USAGE = YES_ERROR;
				CLANG_WARN_DOCUMENTATION_COMMENTS = YES;
				CLANG_WARN_EMPTY_BODY = YES;
				CLANG_WARN_ENUM_CONVERSION = YES;
				CLANG_WARN_INFINITE_RECURSION = YES;
				CLANG_WARN_INT_CONVERSION = YES;
				CLANG_WARN_NON_LITERAL_NULL_CONVERSION = YES;
				CLANG_WARN_OBJC_IMPLICIT_RETAIN_SELF = YES;
				CLANG_WARN_OBJC_LITERAL_CONVERSION = YES;
				CLANG_WARN_OBJC_ROOT_CLASS = YES_ERROR;
				CLANG_WARN_QUOTED_INCLUDE_IN_FRAMEWORK_HEADER = YES;
				CLANG_WARN_RANGE_LOOP_ANALYSIS = YES;
				CLANG_WARN_STRICT_PROTOTYPES = YES;
				CLANG_WARN_SUSPICIOUS_MOVE = YES;
				CLANG_WARN_UNGUARDED_AVAILABILITY = YES_AGGRESSIVE;
				CLANG_WARN_UNREACHABLE_CODE = YES;
				CLANG_WARN__DUPLICATE_METHOD_MATCH = YES;
				COPY_PHASE_STRIP = NO;
				DEBUG_INFORMATION_FORMAT = "dwarf-with-dsym";
				ENABLE_NS_ASSERTIONS = NO;
				ENABLE_STRICT_OBJC_MSGSEND = YES;
				GCC_C_LANGUAGE_STANDARD = gnu11;
				GCC_NO_COMMON_BLOCKS = YES;
				GCC_WARN_64_TO_32_BIT_CONVERSION = YES;
				GCC_WARN_ABOUT_RETURN_TYPE = YES_ERROR;
				GCC_WARN_UNDECLARED_SELECTOR = YES;
				GCC_WARN_UNINITIALIZED_AUTOS = YES_AGGRESSIVE;
				GCC_WARN_UNUSED_FUNCTION = YES;
				GCC_WARN_UNUSED_VARIABLE = YES;
				IPHONEOS_DEPLOYMENT_TARGET = 14.5;
				MTL_ENABLE_DEBUG_INFO = NO;
				MTL_FAST_MATH = YES;
				SDKROOT = iphoneos;
				SWIFT_COMPILATION_MODE = wholemodule;
				SWIFT_OPTIMIZATION_LEVEL = "-O";
				VALIDATE_PRODUCT = YES;
			};
			name = Release;
		};
		1273D114269377CE003F2E68 /* Debug */ = {
			isa = XCBuildConfiguration;
			baseConfigurationReference = 9B7FC1601F03876A9113DA17 /* Pods-client-server-1347.debug.xcconfig */;
			buildSettings = {
				ASSETCATALOG_COMPILER_APPICON_NAME = AppIcon;
				ASSETCATALOG_COMPILER_GLOBAL_ACCENT_COLOR_NAME = AccentColor;
				CODE_SIGN_STYLE = Automatic;
				DEVELOPMENT_TEAM = 77XX2PXRV7;
				INFOPLIST_FILE = "client-server-1347/Resources/Info.plist";
				LD_RUNPATH_SEARCH_PATHS = (
					"$(inherited)",
					"@executable_path/Frameworks",
				);
				PRODUCT_BUNDLE_IDENTIFIER = "com.gb.client-server-1347";
				PRODUCT_NAME = "$(TARGET_NAME)";
				SWIFT_VERSION = 5.0;
				TARGETED_DEVICE_FAMILY = "1,2";
			};
			name = Debug;
		};
		1273D115269377CE003F2E68 /* Release */ = {
			isa = XCBuildConfiguration;
			baseConfigurationReference = E8A19F3CBAFFFD86301BFF24 /* Pods-client-server-1347.release.xcconfig */;
			buildSettings = {
				ASSETCATALOG_COMPILER_APPICON_NAME = AppIcon;
				ASSETCATALOG_COMPILER_GLOBAL_ACCENT_COLOR_NAME = AccentColor;
				CODE_SIGN_STYLE = Automatic;
				DEVELOPMENT_TEAM = 77XX2PXRV7;
				INFOPLIST_FILE = "client-server-1347/Resources/Info.plist";
				LD_RUNPATH_SEARCH_PATHS = (
					"$(inherited)",
					"@executable_path/Frameworks",
				);
				PRODUCT_BUNDLE_IDENTIFIER = "com.gb.client-server-1347";
				PRODUCT_NAME = "$(TARGET_NAME)";
				SWIFT_VERSION = 5.0;
				TARGETED_DEVICE_FAMILY = "1,2";
			};
			name = Release;
		};
/* End XCBuildConfiguration section */

/* Begin XCConfigurationList section */
		1273D0FA269377CC003F2E68 /* Build configuration list for PBXProject "client-server-1347" */ = {
			isa = XCConfigurationList;
			buildConfigurations = (
				1273D111269377CE003F2E68 /* Debug */,
				1273D112269377CE003F2E68 /* Release */,
			);
			defaultConfigurationIsVisible = 0;
			defaultConfigurationName = Release;
		};
		1273D113269377CE003F2E68 /* Build configuration list for PBXNativeTarget "client-server-1347" */ = {
			isa = XCConfigurationList;
			buildConfigurations = (
				1273D114269377CE003F2E68 /* Debug */,
				1273D115269377CE003F2E68 /* Release */,
			);
			defaultConfigurationIsVisible = 0;
			defaultConfigurationName = Release;
		};
/* End XCConfigurationList section */
	};
	rootObject = 1273D0F7269377CC003F2E68 /* Project object */;
}
